
Microsoft Visual Studio Solution File, Format Version 12.00
# Visual Studio Version 17
VisualStudioVersion = 17.14.36705.20
MinimumVisualStudioVersion = 10.0.40219.1
Project("{FAE04EC0-301F-11D3-BF4B-00C04F79EFBC}") = "Algoritmalar", "Algoritmalar\Algoritmalar.csproj", "{30B8DE03-189B-4C8A-A766-06941A23C59B}"
EndProject
Project("{FAE04EC0-301F-11D3-BF4B-00C04F79EFBC}") = "SayilariTopla", "SayilariTopla\SayilariTopla.csproj", "{3C5D5904-36F2-4BA5-8560-A370DD8A0B51}"
EndProject
Project("{FAE04EC0-301F-11D3-BF4B-00C04F79EFBC}") = "DegiskenTipleri", "DegiskenTipleri\DegiskenTipleri.csproj", "{A8982A63-7182-42A9-A5A6-68FBACCDAB4C}"
EndProject
Project("{FAE04EC0-301F-11D3-BF4B-00C04F79EFBC}") = "HesapMakinesi", "HesapMakinesi\HesapMakinesi.csproj", "{6014F3E7-4192-4FD1-B8C1-94AFBC63E6F8}"
EndProject
Project("{FAE04EC0-301F-11D3-BF4B-00C04F79EFBC}") = "Donguler", "Donguler\Donguler.csproj", "{2B634E38-F94D-4751-B635-21BF80EFB1A1}"
EndProject
Project("{FAE04EC0-301F-11D3-BF4B-00C04F79EFBC}") = "Operatorler", "Operatorler\Operatorler.csproj", "{769ECE62-9074-4E9A-8DCA-E9E7EA387C5A}"
EndProject
Project("{FAE04EC0-301F-11D3-BF4B-00C04F79EFBC}") = "Kolleksiyonlar", "Kolleksiyonlar\Kolleksiyonlar.csproj", "{03A87DDA-0798-4D15-90E6-C896DA0779D8}"
EndProject
Global
	GlobalSection(SolutionConfigurationPlatforms) = preSolution
		Debug|Any CPU = Debug|Any CPU
		Release|Any CPU = Release|Any CPU
	EndGlobalSection
	GlobalSection(ProjectConfigurationPlatforms) = postSolution
		{30B8DE03-189B-4C8A-A766-06941A23C59B}.Debug|Any CPU.ActiveCfg = Debug|Any CPU
		{30B8DE03-189B-4C8A-A766-06941A23C59B}.Debug|Any CPU.Build.0 = Debug|Any CPU
		{30B8DE03-189B-4C8A-A766-06941A23C59B}.Release|Any CPU.ActiveCfg = Release|Any CPU
		{30B8DE03-189B-4C8A-A766-06941A23C59B}.Release|Any CPU.Build.0 = Release|Any CPU
		{3C5D5904-36F2-4BA5-8560-A370DD8A0B51}.Debug|Any CPU.ActiveCfg = Debug|Any CPU
		{3C5D5904-36F2-4BA5-8560-A370DD8A0B51}.Debug|Any CPU.Build.0 = Debug|Any CPU
		{3C5D5904-36F2-4BA5-8560-A370DD8A0B51}.Release|Any CPU.ActiveCfg = Release|Any CPU
		{3C5D5904-36F2-4BA5-8560-A370DD8A0B51}.Release|Any CPU.Build.0 = Release|Any CPU
		{A8982A63-7182-42A9-A5A6-68FBACCDAB4C}.Debug|Any CPU.ActiveCfg = Debug|Any CPU
		{A8982A63-7182-42A9-A5A6-68FBACCDAB4C}.Debug|Any CPU.Build.0 = Debug|Any CPU
		{A8982A63-7182-42A9-A5A6-68FBACCDAB4C}.Release|Any CPU.ActiveCfg = Release|Any CPU
		{A8982A63-7182-42A9-A5A6-68FBACCDAB4C}.Release|Any CPU.Build.0 = Release|Any CPU
		{6014F3E7-4192-4FD1-B8C1-94AFBC63E6F8}.Debug|Any CPU.ActiveCfg = Debug|Any CPU
		{6014F3E7-4192-4FD1-B8C1-94AFBC63E6F8}.Debug|Any CPU.Build.0 = Debug|Any CPU
		{6014F3E7-4192-4FD1-B8C1-94AFBC63E6F8}.Release|Any CPU.ActiveCfg = Release|Any CPU
		{6014F3E7-4192-4FD1-B8C1-94AFBC63E6F8}.Release|Any CPU.Build.0 = Release|Any CPU
		{2B634E38-F94D-4751-B635-21BF80EFB1A1}.Debug|Any CPU.ActiveCfg = Debug|Any CPU
		{2B634E38-F94D-4751-B635-21BF80EFB1A1}.Debug|Any CPU.Build.0 = Debug|Any CPU
		{2B634E38-F94D-4751-B635-21BF80EFB1A1}.Release|Any CPU.ActiveCfg = Release|Any CPU
		{2B634E38-F94D-4751-B635-21BF80EFB1A1}.Release|Any CPU.Build.0 = Release|Any CPU
		{769ECE62-9074-4E9A-8DCA-E9E7EA387C5A}.Debug|Any CPU.ActiveCfg = Debug|Any CPU
		{769ECE62-9074-4E9A-8DCA-E9E7EA387C5A}.Debug|Any CPU.Build.0 = Debug|Any CPU
		{769ECE62-9074-4E9A-8DCA-E9E7EA387C5A}.Release|Any CPU.ActiveCfg = Release|Any CPU
		{769ECE62-9074-4E9A-8DCA-E9E7EA387C5A}.Release|Any CPU.Build.0 = Release|Any CPU
		{03A87DDA-0798-4D15-90E6-C896DA0779D8}.Debug|Any CPU.ActiveCfg = Debug|Any CPU
		{03A87DDA-0798-4D15-90E6-C896DA0779D8}.Debug|Any CPU.Build.0 = Debug|Any CPU
		{03A87DDA-0798-4D15-90E6-C896DA0779D8}.Release|Any CPU.ActiveCfg = Release|Any CPU
		{03A87DDA-0798-4D15-90E6-C896DA0779D8}.Release|Any CPU.Build.0 = Release|Any CPU
	EndGlobalSection
	GlobalSection(SolutionProperties) = preSolution
		HideSolutionNode = FALSE
	EndGlobalSection
	GlobalSection(ExtensibilityGlobals) = postSolution
		SolutionGuid = {26F2B062-33B5-41CB-85A1-DD0D82975277}
	EndGlobalSection
EndGlobal
